
Microsoft Visual Studio Solution File, Format Version 10.00
# Visual C++ Express 2008
Project("{8BC9CEB8-8B4A-11D0-8D11-00A0C91BC942}") = "libMidi", "libMidi\libMidi.vcproj", "{E8D3440E-D5FB-4B3A-8F2E-3C828713C7B0}"
EndProject
Project("{8BC9CEB8-8B4A-11D0-8D11-00A0C91BC942}") = "testMidi", "testMidi\testMidi.vcproj", "{2FD79FDE-D478-4501-8D66-9C6DCE01E1A9}"
EndProject
Global
	GlobalSection(SolutionConfigurationPlatforms) = preSolution
		Debug|Win32 = Debug|Win32
		Release|Win32 = Release|Win32
	EndGlobalSection
	GlobalSection(ProjectConfigurationPlatforms) = postSolution
		{E8D3440E-D5FB-4B3A-8F2E-3C828713C7B0}.Debug|Win32.ActiveCfg = Debug|Win32
		{E8D3440E-D5FB-4B3A-8F2E-3C828713C7B0}.Debug|Win32.Build.0 = Debug|Win32
		{E8D3440E-D5FB-4B3A-8F2E-3C828713C7B0}.Release|Win32.ActiveCfg = Release|Win32
		{E8D3440E-D5FB-4B3A-8F2E-3C828713C7B0}.Release|Win32.Build.0 = Release|Win32
		{2FD79FDE-D478-4501-8D66-9C6DCE01E1A9}.Debug|Win32.ActiveCfg = Debug|Win32
		{2FD79FDE-D478-4501-8D66-9C6DCE01E1A9}.Debug|Win32.Build.0 = Debug|Win32
		{2FD79FDE-D478-4501-8D66-9C6DCE01E1A9}.Release|Win32.ActiveCfg = Release|Win32
		{2FD79FDE-D478-4501-8D66-9C6DCE01E1A9}.Release|Win32.Build.0 = Release|Win32
	EndGlobalSection
	GlobalSection(SolutionProperties) = preSolution
		HideSolutionNode = FALSE
	EndGlobalSection
EndGlobal
